
Microsoft Visual Studio Solution File, Format Version 12.00
# Visual Studio 15
VisualStudioVersion = 15.0.26430.12
MinimumVisualStudioVersion = 10.0.40219.1
Project("{FAE04EC0-301F-11D3-BF4B-00C04F79EFBC}") = "RaceTime.CoreAPI", "RaceTime.CoreAPI\RaceTime.CoreAPI.csproj", "{A8E64A5F-C853-4B8B-9C1B-0D8D8240C2B5}"
EndProject
Project("{FAE04EC0-301F-11D3-BF4B-00C04F79EFBC}") = "RaceTime.Portal", "RaceTime.Portal\RaceTime.Portal.csproj", "{ECDA427A-EEA1-43A8-ADB6-C35B9356235B}"
EndProject
Project("{FAE04EC0-301F-11D3-BF4B-00C04F79EFBC}") = "RaceTime.Common", "RaceTime.Common\RaceTime.Common.csproj", "{178D211D-AF62-4B56-8A8B-FA0DCA020DD9}"
EndProject
Global
	GlobalSection(SolutionConfigurationPlatforms) = preSolution
		Debug|Any CPU = Debug|Any CPU
		Release|Any CPU = Release|Any CPU
	EndGlobalSection
	GlobalSection(ProjectConfigurationPlatforms) = postSolution
		{A8E64A5F-C853-4B8B-9C1B-0D8D8240C2B5}.Debug|Any CPU.ActiveCfg = Debug|Any CPU
		{A8E64A5F-C853-4B8B-9C1B-0D8D8240C2B5}.Debug|Any CPU.Build.0 = Debug|Any CPU
		{A8E64A5F-C853-4B8B-9C1B-0D8D8240C2B5}.Release|Any CPU.ActiveCfg = Release|Any CPU
		{A8E64A5F-C853-4B8B-9C1B-0D8D8240C2B5}.Release|Any CPU.Build.0 = Release|Any CPU
		{ECDA427A-EEA1-43A8-ADB6-C35B9356235B}.Debug|Any CPU.ActiveCfg = Debug|Any CPU
		{ECDA427A-EEA1-43A8-ADB6-C35B9356235B}.Debug|Any CPU.Build.0 = Debug|Any CPU
		{ECDA427A-EEA1-43A8-ADB6-C35B9356235B}.Release|Any CPU.ActiveCfg = Release|Any CPU
		{ECDA427A-EEA1-43A8-ADB6-C35B9356235B}.Release|Any CPU.Build.0 = Release|Any CPU
		{178D211D-AF62-4B56-8A8B-FA0DCA020DD9}.Debug|Any CPU.ActiveCfg = Debug|Any CPU
		{178D211D-AF62-4B56-8A8B-FA0DCA020DD9}.Debug|Any CPU.Build.0 = Debug|Any CPU
		{178D211D-AF62-4B56-8A8B-FA0DCA020DD9}.Release|Any CPU.ActiveCfg = Release|Any CPU
		{178D211D-AF62-4B56-8A8B-FA0DCA020DD9}.Release|Any CPU.Build.0 = Release|Any CPU
	EndGlobalSection
	GlobalSection(SolutionProperties) = preSolution
		HideSolutionNode = FALSE
	EndGlobalSection
EndGlobal
