
Microsoft Visual Studio Solution File, Format Version 12.00
# Visual Studio 15
VisualStudioVersion = 15.0.26430.12
MinimumVisualStudioVersion = 10.0.40219.1
Project("{FAE04EC0-301F-11D3-BF4B-00C04F79EFBC}") = "RaceTime.AssettoCorsa.FileParser", "RaceTime.AssettoCorsa.FileParser\RaceTime.AssettoCorsa.FileParser.csproj", "{1E9F54EF-16C4-41CF-8B76-A3D53556974C}"
EndProject
Project("{FAE04EC0-301F-11D3-BF4B-00C04F79EFBC}") = "RaceTime.AssettoCorsa.Test", "RaceTime.AssettoCorsa.Test\RaceTime.AssettoCorsa.Test.csproj", "{78F16AD6-1E52-43DA-9CC4-7F43AFB82E52}"
EndProject
Global
	GlobalSection(SolutionConfigurationPlatforms) = preSolution
		Debug|Any CPU = Debug|Any CPU
		Release|Any CPU = Release|Any CPU
	EndGlobalSection
	GlobalSection(ProjectConfigurationPlatforms) = postSolution
		{1E9F54EF-16C4-41CF-8B76-A3D53556974C}.Debug|Any CPU.ActiveCfg = Debug|Any CPU
		{1E9F54EF-16C4-41CF-8B76-A3D53556974C}.Debug|Any CPU.Build.0 = Debug|Any CPU
		{1E9F54EF-16C4-41CF-8B76-A3D53556974C}.Release|Any CPU.ActiveCfg = Release|Any CPU
		{1E9F54EF-16C4-41CF-8B76-A3D53556974C}.Release|Any CPU.Build.0 = Release|Any CPU
		{78F16AD6-1E52-43DA-9CC4-7F43AFB82E52}.Debug|Any CPU.ActiveCfg = Debug|Any CPU
		{78F16AD6-1E52-43DA-9CC4-7F43AFB82E52}.Debug|Any CPU.Build.0 = Debug|Any CPU
		{78F16AD6-1E52-43DA-9CC4-7F43AFB82E52}.Release|Any CPU.ActiveCfg = Release|Any CPU
		{78F16AD6-1E52-43DA-9CC4-7F43AFB82E52}.Release|Any CPU.Build.0 = Release|Any CPU
	EndGlobalSection
	GlobalSection(SolutionProperties) = preSolution
		HideSolutionNode = FALSE
	EndGlobalSection
EndGlobal
